// !$*UTF8*$!
{
	archiveVersion = 1;
	classes = {
	};
	objectVersion = 50;
	objects = {

/* Begin PBXBuildFile section */
		4413058B23E0919E003C1122 /* ViewModel.swift in Sources */ = {isa = PBXBuildFile; fileRef = 4413058A23E0919E003C1122 /* ViewModel.swift */; };
		4413058D23E0926C003C1122 /* TableViewModelType.swift in Sources */ = {isa = PBXBuildFile; fileRef = 4413058C23E0926C003C1122 /* TableViewModelType.swift */; };
		4413059123E0979B003C1122 /* TableViewCellViewModelType.swift in Sources */ = {isa = PBXBuildFile; fileRef = 4413059023E0979B003C1122 /* TableViewCellViewModelType.swift */; };
		4413059323E09A19003C1122 /* TableViewCellViewModel.swift in Sources */ = {isa = PBXBuildFile; fileRef = 4413059223E09A19003C1122 /* TableViewCellViewModel.swift */; };
		4413059723E0D306003C1122 /* DetailViewController.swift in Sources */ = {isa = PBXBuildFile; fileRef = 4413059623E0D306003C1122 /* DetailViewController.swift */; };
		4413059923E0D402003C1122 /* DetailViewModelType.swift in Sources */ = {isa = PBXBuildFile; fileRef = 4413059823E0D402003C1122 /* DetailViewModelType.swift */; };
		4413059B23E0D484003C1122 /* DetailViewModel.swift in Sources */ = {isa = PBXBuildFile; fileRef = 4413059A23E0D484003C1122 /* DetailViewModel.swift */; };
		4417459923E0688D0021DD46 /* AppDelegate.swift in Sources */ = {isa = PBXBuildFile; fileRef = 4417459823E0688D0021DD46 /* AppDelegate.swift */; };
		4417459B23E0688D0021DD46 /* SceneDelegate.swift in Sources */ = {isa = PBXBuildFile; fileRef = 4417459A23E0688D0021DD46 /* SceneDelegate.swift */; };
		441745A023E0688D0021DD46 /* Main.storyboard in Resources */ = {isa = PBXBuildFile; fileRef = 4417459E23E0688D0021DD46 /* Main.storyboard */; };
		441745A223E068980021DD46 /* Assets.xcassets in Resources */ = {isa = PBXBuildFile; fileRef = 441745A123E068980021DD46 /* Assets.xcassets */; };
		441745A523E068980021DD46 /* LaunchScreen.storyboard in Resources */ = {isa = PBXBuildFile; fileRef = 441745A323E068980021DD46 /* LaunchScreen.storyboard */; };
		441745AD23E06B4D0021DD46 /* TableViewController.swift in Sources */ = {isa = PBXBuildFile; fileRef = 441745AC23E06B4D0021DD46 /* TableViewController.swift */; };
		441745AF23E06BA60021DD46 /* Profile.swift in Sources */ = {isa = PBXBuildFile; fileRef = 441745AE23E06BA60021DD46 /* Profile.swift */; };
		441745B123E070520021DD46 /* TableViewCell.swift in Sources */ = {isa = PBXBuildFile; fileRef = 441745B023E070520021DD46 /* TableViewCell.swift */; };
/* End PBXBuildFile section */

/* Begin PBXFileReference section */
		4413058A23E0919E003C1122 /* ViewModel.swift */ = {isa = PBXFileReference; lastKnownFileType = sourcecode.swift; path = ViewModel.swift; sourceTree = "<group>"; };
		4413058C23E0926C003C1122 /* TableViewModelType.swift */ = {isa = PBXFileReference; lastKnownFileType = sourcecode.swift; path = TableViewModelType.swift; sourceTree = "<group>"; };
		4413059023E0979B003C1122 /* TableViewCellViewModelType.swift */ = {isa = PBXFileReference; lastKnownFileType = sourcecode.swift; path = TableViewCellViewModelType.swift; sourceTree = "<group>"; };
		4413059223E09A19003C1122 /* TableViewCellViewModel.swift */ = {isa = PBXFileReference; lastKnownFileType = sourcecode.swift; path = TableViewCellViewModel.swift; sourceTree = "<group>"; };
		4413059623E0D306003C1122 /* DetailViewController.swift */ = {isa = PBXFileReference; lastKnownFileType = sourcecode.swift; path = DetailViewController.swift; sourceTree = "<group>"; };
		4413059823E0D402003C1122 /* DetailViewModelType.swift */ = {isa = PBXFileReference; lastKnownFileType = sourcecode.swift; path = DetailViewModelType.swift; sourceTree = "<group>"; };
		4413059A23E0D484003C1122 /* DetailViewModel.swift */ = {isa = PBXFileReference; lastKnownFileType = sourcecode.swift; path = DetailViewModel.swift; sourceTree = "<group>"; };
		4417459523E0688D0021DD46 /* ProjectMVVM.app */ = {isa = PBXFileReference; explicitFileType = wrapper.application; includeInIndex = 0; path = ProjectMVVM.app; sourceTree = BUILT_PRODUCTS_DIR; };
		4417459823E0688D0021DD46 /* AppDelegate.swift */ = {isa = PBXFileReference; lastKnownFileType = sourcecode.swift; path = AppDelegate.swift; sourceTree = "<group>"; };
		4417459A23E0688D0021DD46 /* SceneDelegate.swift */ = {isa = PBXFileReference; lastKnownFileType = sourcecode.swift; path = SceneDelegate.swift; sourceTree = "<group>"; };
		4417459F23E0688D0021DD46 /* Base */ = {isa = PBXFileReference; lastKnownFileType = file.storyboard; name = Base; path = Base.lproj/Main.storyboard; sourceTree = "<group>"; };
		441745A123E068980021DD46 /* Assets.xcassets */ = {isa = PBXFileReference; lastKnownFileType = folder.assetcatalog; path = Assets.xcassets; sourceTree = "<group>"; };
		441745A423E068980021DD46 /* Base */ = {isa = PBXFileReference; lastKnownFileType = file.storyboard; name = Base; path = Base.lproj/LaunchScreen.storyboard; sourceTree = "<group>"; };
		441745A623E068980021DD46 /* Info.plist */ = {isa = PBXFileReference; lastKnownFileType = text.plist.xml; path = Info.plist; sourceTree = "<group>"; };
		441745AC23E06B4D0021DD46 /* TableViewController.swift */ = {isa = PBXFileReference; lastKnownFileType = sourcecode.swift; path = TableViewController.swift; sourceTree = "<group>"; };
		441745AE23E06BA60021DD46 /* Profile.swift */ = {isa = PBXFileReference; lastKnownFileType = sourcecode.swift; path = Profile.swift; sourceTree = "<group>"; };
		441745B023E070520021DD46 /* TableViewCell.swift */ = {isa = PBXFileReference; lastKnownFileType = sourcecode.swift; path = TableViewCell.swift; sourceTree = "<group>"; };
/* End PBXFileReference section */

/* Begin PBXFrameworksBuildPhase section */
		4417459223E0688D0021DD46 /* Frameworks */ = {
			isa = PBXFrameworksBuildPhase;
			buildActionMask = 2147483647;
			files = (
			);
			runOnlyForDeploymentPostprocessing = 0;
		};
/* End PBXFrameworksBuildPhase section */

/* Begin PBXGroup section */
		4413058E23E09349003C1122 /* ViewModel */ = {
			isa = PBXGroup;
			children = (
				4413058A23E0919E003C1122 /* ViewModel.swift */,
				4413059223E09A19003C1122 /* TableViewCellViewModel.swift */,
				4413059A23E0D484003C1122 /* DetailViewModel.swift */,
			);
			path = ViewModel;
			sourceTree = "<group>";
		};
		4413058F23E09365003C1122 /* Protocols */ = {
			isa = PBXGroup;
			children = (
				4413058C23E0926C003C1122 /* TableViewModelType.swift */,
				4413059023E0979B003C1122 /* TableViewCellViewModelType.swift */,
				4413059823E0D402003C1122 /* DetailViewModelType.swift */,
			);
			path = Protocols;
			sourceTree = "<group>";
		};
		4417458C23E0688D0021DD46 = {
			isa = PBXGroup;
			children = (
				4417459723E0688D0021DD46 /* ProjectMVVM */,
				4417459623E0688D0021DD46 /* Products */,
			);
			sourceTree = "<group>";
		};
		4417459623E0688D0021DD46 /* Products */ = {
			isa = PBXGroup;
			children = (
				4417459523E0688D0021DD46 /* ProjectMVVM.app */,
			);
			name = Products;
			sourceTree = "<group>";
		};
		4417459723E0688D0021DD46 /* ProjectMVVM */ = {
			isa = PBXGroup;
			children = (
				4417459823E0688D0021DD46 /* AppDelegate.swift */,
				4417459A23E0688D0021DD46 /* SceneDelegate.swift */,
				441745B223E071120021DD46 /* Model */,
				441745B323E071680021DD46 /* View */,
				4413058E23E09349003C1122 /* ViewModel */,
				4413058F23E09365003C1122 /* Protocols */,
				4417459E23E0688D0021DD46 /* Main.storyboard */,
				441745A123E068980021DD46 /* Assets.xcassets */,
				441745A323E068980021DD46 /* LaunchScreen.storyboard */,
				441745A623E068980021DD46 /* Info.plist */,
			);
			path = ProjectMVVM;
			sourceTree = "<group>";
		};
		441745B223E071120021DD46 /* Model */ = {
			isa = PBXGroup;
			children = (
				441745AE23E06BA60021DD46 /* Profile.swift */,
			);
			path = Model;
			sourceTree = "<group>";
		};
		441745B323E071680021DD46 /* View */ = {
			isa = PBXGroup;
			children = (
				441745B023E070520021DD46 /* TableViewCell.swift */,
				441745AC23E06B4D0021DD46 /* TableViewController.swift */,
				4413059623E0D306003C1122 /* DetailViewController.swift */,
			);
			path = View;
			sourceTree = "<group>";
		};
/* End PBXGroup section */

/* Begin PBXNativeTarget section */
		4417459423E0688D0021DD46 /* ProjectMVVM */ = {
			isa = PBXNativeTarget;
			buildConfigurationList = 441745A923E068980021DD46 /* Build configuration list for PBXNativeTarget "ProjectMVVM" */;
			buildPhases = (
				4417459123E0688D0021DD46 /* Sources */,
				4417459223E0688D0021DD46 /* Frameworks */,
				4417459323E0688D0021DD46 /* Resources */,
			);
			buildRules = (
			);
			dependencies = (
			);
			name = ProjectMVVM;
			productName = ProjectMVVM;
			productReference = 4417459523E0688D0021DD46 /* ProjectMVVM.app */;
			productType = "com.apple.product-type.application";
		};
/* End PBXNativeTarget section */

/* Begin PBXProject section */
		4417458D23E0688D0021DD46 /* Project object */ = {
			isa = PBXProject;
			attributes = {
				LastSwiftUpdateCheck = 1130;
				LastUpgradeCheck = 1130;
				ORGANIZATIONNAME = "Роман Лабунский";
				TargetAttributes = {
					4417459423E0688D0021DD46 = {
						CreatedOnToolsVersion = 11.3.1;
					};
				};
			};
			buildConfigurationList = 4417459023E0688D0021DD46 /* Build configuration list for PBXProject "ProjectMVVM" */;
			compatibilityVersion = "Xcode 9.3";
			developmentRegion = en;
			hasScannedForEncodings = 0;
			knownRegions = (
				en,
				Base,
			);
			mainGroup = 4417458C23E0688D0021DD46;
			productRefGroup = 4417459623E0688D0021DD46 /* Products */;
			projectDirPath = "";
			projectRoot = "";
			targets = (
				4417459423E0688D0021DD46 /* ProjectMVVM */,
			);
		};
/* End PBXProject section */

/* Begin PBXResourcesBuildPhase section */
		4417459323E0688D0021DD46 /* Resources */ = {
			isa = PBXResourcesBuildPhase;
			buildActionMask = 2147483647;
			files = (
				441745A523E068980021DD46 /* LaunchScreen.storyboard in Resources */,
				441745A223E068980021DD46 /* Assets.xcassets in Resources */,
				441745A023E0688D0021DD46 /* Main.storyboard in Resources */,
			);
			runOnlyForDeploymentPostprocessing = 0;
		};
/* End PBXResourcesBuildPhase section */

/* Begin PBXSourcesBuildPhase section */
		4417459123E0688D0021DD46 /* Sources */ = {
			isa = PBXSourcesBuildPhase;
			buildActionMask = 2147483647;
			files = (
				4413059123E0979B003C1122 /* TableViewCellViewModelType.swift in Sources */,
				441745B123E070520021DD46 /* TableViewCell.swift in Sources */,
				4417459923E0688D0021DD46 /* AppDelegate.swift in Sources */,
				441745AF23E06BA60021DD46 /* Profile.swift in Sources */,
				441745AD23E06B4D0021DD46 /* TableViewController.swift in Sources */,
				4413058D23E0926C003C1122 /* TableViewModelType.swift in Sources */,
				4413059923E0D402003C1122 /* DetailViewModelType.swift in Sources */,
				4413059B23E0D484003C1122 /* DetailViewModel.swift in Sources */,
				4413059323E09A19003C1122 /* TableViewCellViewModel.swift in Sources */,
				4413059723E0D306003C1122 /* DetailViewController.swift in Sources */,
				4413058B23E0919E003C1122 /* ViewModel.swift in Sources */,
				4417459B23E0688D0021DD46 /* SceneDelegate.swift in Sources */,
			);
			runOnlyForDeploymentPostprocessing = 0;
		};
/* End PBXSourcesBuildPhase section */

/* Begin PBXVariantGroup section */
		4417459E23E0688D0021DD46 /* Main.storyboard */ = {
			isa = PBXVariantGroup;
			children = (
				4417459F23E0688D0021DD46 /* Base */,
			);
			name = Main.storyboard;
			sourceTree = "<group>";
		};
		441745A323E068980021DD46 /* LaunchScreen.storyboard */ = {
			isa = PBXVariantGroup;
			children = (
				441745A423E068980021DD46 /* Base */,
			);
			name = LaunchScreen.storyboard;
			sourceTree = "<group>";
		};
/* End PBXVariantGroup section */

/* Begin XCBuildConfiguration section */
		441745A723E068980021DD46 /* Debug */ = {
			isa = XCBuildConfiguration;
			buildSettings = {
				ALWAYS_SEARCH_USER_PATHS = NO;
				CLANG_ANALYZER_NONNULL = YES;
				CLANG_ANALYZER_NUMBER_OBJECT_CONVERSION = YES_AGGRESSIVE;
				CLANG_CXX_LANGUAGE_STANDARD = "gnu++14";
				CLANG_CXX_LIBRARY = "libc++";
				CLANG_ENABLE_MODULES = YES;
				CLANG_ENABLE_OBJC_ARC = YES;
				CLANG_ENABLE_OBJC_WEAK = YES;
				CLANG_WARN_BLOCK_CAPTURE_AUTORELEASING = YES;
				CLANG_WARN_BOOL_CONVERSION = YES;
				CLANG_WARN_COMMA = YES;
				CLANG_WARN_CONSTANT_CONVERSION = YES;
				CLANG_WARN_DEPRECATED_OBJC_IMPLEMENTATIONS = YES;
				CLANG_WARN_DIRECT_OBJC_ISA_USAGE = YES_ERROR;
				CLANG_WARN_DOCUMENTATION_COMMENTS = YES;
				CLANG_WARN_EMPTY_BODY = YES;
				CLANG_WARN_ENUM_CONVERSION = YES;
				CLANG_WARN_INFINITE_RECURSION = YES;
				CLANG_WARN_INT_CONVERSION = YES;
				CLANG_WARN_NON_LITERAL_NULL_CONVERSION = YES;
				CLANG_WARN_OBJC_IMPLICIT_RETAIN_SELF = YES;
				CLANG_WARN_OBJC_LITERAL_CONVERSION = YES;
				CLANG_WARN_OBJC_ROOT_CLASS = YES_ERROR;
				CLANG_WARN_RANGE_LOOP_ANALYSIS = YES;
				CLANG_WARN_STRICT_PROTOTYPES = YES;
				CLANG_WARN_SUSPICIOUS_MOVE = YES;
				CLANG_WARN_UNGUARDED_AVAILABILITY = YES_AGGRESSIVE;
				CLANG_WARN_UNREACHABLE_CODE = YES;
				CLANG_WARN__DUPLICATE_METHOD_MATCH = YES;
				COPY_PHASE_STRIP = NO;
				DEBUG_INFORMATION_FORMAT = dwarf;
				ENABLE_STRICT_OBJC_MSGSEND = YES;
				ENABLE_TESTABILITY = YES;
				GCC_C_LANGUAGE_STANDARD = gnu11;
				GCC_DYNAMIC_NO_PIC = NO;
				GCC_NO_COMMON_BLOCKS = YES;
				GCC_OPTIMIZATION_LEVEL = 0;
				GCC_PREPROCESSOR_DEFINITIONS = (
					"DEBUG=1",
					"$(inherited)",
				);
				GCC_WARN_64_TO_32_BIT_CONVERSION = YES;
				GCC_WARN_ABOUT_RETURN_TYPE = YES_ERROR;
				GCC_WARN_UNDECLARED_SELECTOR = YES;
				GCC_WARN_UNINITIALIZED_AUTOS = YES_AGGRESSIVE;
				GCC_WARN_UNUSED_FUNCTION = YES;
				GCC_WARN_UNUSED_VARIABLE = YES;
				IPHONEOS_DEPLOYMENT_TARGET = 13.2;
				MTL_ENABLE_DEBUG_INFO = INCLUDE_SOURCE;
				MTL_FAST_MATH = YES;
				ONLY_ACTIVE_ARCH = YES;
				SDKROOT = iphoneos;
				SWIFT_ACTIVE_COMPILATION_CONDITIONS = DEBUG;
				SWIFT_OPTIMIZATION_LEVEL = "-Onone";
			};
			name = Debug;
		};
		441745A823E068980021DD46 /* Release */ = {
			isa = XCBuildConfiguration;
			buildSettings = {
				ALWAYS_SEARCH_USER_PATHS = NO;
				CLANG_ANALYZER_NONNULL = YES;
				CLANG_ANALYZER_NUMBER_OBJECT_CONVERSION = YES_AGGRESSIVE;
				CLANG_CXX_LANGUAGE_STANDARD = "gnu++14";
				CLANG_CXX_LIBRARY = "libc++";
				CLANG_ENABLE_MODULES = YES;
				CLANG_ENABLE_OBJC_ARC = YES;
				CLANG_ENABLE_OBJC_WEAK = YES;
				CLANG_WARN_BLOCK_CAPTURE_AUTORELEASING = YES;
				CLANG_WARN_BOOL_CONVERSION = YES;
				CLANG_WARN_COMMA = YES;
				CLANG_WARN_CONSTANT_CONVERSION = YES;
				CLANG_WARN_DEPRECATED_OBJC_IMPLEMENTATIONS = YES;
				CLANG_WARN_DIRECT_OBJC_ISA_USAGE = YES_ERROR;
				CLANG_WARN_DOCUMENTATION_COMMENTS = YES;
				CLANG_WARN_EMPTY_BODY = YES;
				CLANG_WARN_ENUM_CONVERSION = YES;
				CLANG_WARN_INFINITE_RECURSION = YES;
				CLANG_WARN_INT_CONVERSION = YES;
				CLANG_WARN_NON_LITERAL_NULL_CONVERSION = YES;
				CLANG_WARN_OBJC_IMPLICIT_RETAIN_SELF = YES;
				CLANG_WARN_OBJC_LITERAL_CONVERSION = YES;
				CLANG_WARN_OBJC_ROOT_CLASS = YES_ERROR;
				CLANG_WARN_RANGE_LOOP_ANALYSIS = YES;
				CLANG_WARN_STRICT_PROTOTYPES = YES;
				CLANG_WARN_SUSPICIOUS_MOVE = YES;
				CLANG_WARN_UNGUARDED_AVAILABILITY = YES_AGGRESSIVE;
				CLANG_WARN_UNREACHABLE_CODE = YES;
				CLANG_WARN__DUPLICATE_METHOD_MATCH = YES;
				COPY_PHASE_STRIP = NO;
				DEBUG_INFORMATION_FORMAT = "dwarf-with-dsym";
				ENABLE_NS_ASSERTIONS = NO;
				ENABLE_STRICT_OBJC_MSGSEND = YES;
				GCC_C_LANGUAGE_STANDARD = gnu11;
				GCC_NO_COMMON_BLOCKS = YES;
				GCC_WARN_64_TO_32_BIT_CONVERSION = YES;
				GCC_WARN_ABOUT_RETURN_TYPE = YES_ERROR;
				GCC_WARN_UNDECLARED_SELECTOR = YES;
				GCC_WARN_UNINITIALIZED_AUTOS = YES_AGGRESSIVE;
				GCC_WARN_UNUSED_FUNCTION = YES;
				GCC_WARN_UNUSED_VARIABLE = YES;
				IPHONEOS_DEPLOYMENT_TARGET = 13.2;
				MTL_ENABLE_DEBUG_INFO = NO;
				MTL_FAST_MATH = YES;
				SDKROOT = iphoneos;
				SWIFT_COMPILATION_MODE = wholemodule;
				SWIFT_OPTIMIZATION_LEVEL = "-O";
				VALIDATE_PRODUCT = YES;
			};
			name = Release;
		};
		441745AA23E068980021DD46 /* Debug */ = {
			isa = XCBuildConfiguration;
			buildSettings = {
				ASSETCATALOG_COMPILER_APPICON_NAME = AppIcon;
				CODE_SIGN_STYLE = Automatic;
				DEVELOPMENT_TEAM = 777577VLG8;
				INFOPLIST_FILE = ProjectMVVM/Info.plist;
				IPHONEOS_DEPLOYMENT_TARGET = 10.0;
				LD_RUNPATH_SEARCH_PATHS = (
					"$(inherited)",
					"@executable_path/Frameworks",
				);
				MARKETING_VERSION = 0.1;
				PRODUCT_BUNDLE_IDENTIFIER = com.ProjectMVVM;
				PRODUCT_NAME = "$(TARGET_NAME)";
				SWIFT_VERSION = 4.2;
				TARGETED_DEVICE_FAMILY = 1;
			};
			name = Debug;
		};
		441745AB23E068980021DD46 /* Release */ = {
			isa = XCBuildConfiguration;
			buildSettings = {
				ASSETCATALOG_COMPILER_APPICON_NAME = AppIcon;
				CODE_SIGN_STYLE = Automatic;
				DEVELOPMENT_TEAM = 777577VLG8;
				INFOPLIST_FILE = ProjectMVVM/Info.plist;
				IPHONEOS_DEPLOYMENT_TARGET = 10.0;
				LD_RUNPATH_SEARCH_PATHS = (
					"$(inherited)",
					"@executable_path/Frameworks",
				);
				MARKETING_VERSION = 0.1;
				PRODUCT_BUNDLE_IDENTIFIER = com.ProjectMVVM;
				PRODUCT_NAME = "$(TARGET_NAME)";
				SWIFT_VERSION = 4.2;
				TARGETED_DEVICE_FAMILY = 1;
			};
			name = Release;
		};
/* End XCBuildConfiguration section */

/* Begin XCConfigurationList section */
		4417459023E0688D0021DD46 /* Build configuration list for PBXProject "ProjectMVVM" */ = {
			isa = XCConfigurationList;
			buildConfigurations = (
				441745A723E068980021DD46 /* Debug */,
				441745A823E068980021DD46 /* Release */,
			);
			defaultConfigurationIsVisible = 0;
			defaultConfigurationName = Release;
		};
		441745A923E068980021DD46 /* Build configuration list for PBXNativeTarget "ProjectMVVM" */ = {
			isa = XCConfigurationList;
			buildConfigurations = (
				441745AA23E068980021DD46 /* Debug */,
				441745AB23E068980021DD46 /* Release */,
			);
			defaultConfigurationIsVisible = 0;
			defaultConfigurationName = Release;
		};
/* End XCConfigurationList section */
	};
	rootObject = 4417458D23E0688D0021DD46 /* Project object */;
}
